{"SurveyEntry":{"SurveyID":"SV_0oimWozn2A85SXI","SurveyName":"HW2_Trial1","SurveyDescription":null,"SurveyOwnerID":"UR_5mVJ5R0TCW5bOM6","SurveyBrandID":"upenn","DivisionID":null,"SurveyLanguage":"EN","SurveyActiveResponseSet":"RS_0TciNGjYcA8RnD0","SurveyStatus":"Active","SurveyStartDate":"0000-00-00 00:00:00","SurveyExpirationDate":"0000-00-00 00:00:00","SurveyCreationDate":"2022-04-06 18:18:24","CreatorID":"UR_5mVJ5R0TCW5bOM6","LastModified":"2022-04-06 21:41:06","LastAccessed":"0000-00-00 00:00:00","LastActivated":"2022-04-06 21:00:12","Deleted":null},"SurveyElements":[{"SurveyID":"SV_0oimWozn2A85SXI","Element":"BL","PrimaryAttribute":"Survey Blocks","SecondaryAttribute":null,"TertiaryAttribute":null,"Payload":[{"Type":"Default","Description":"Blk1","ID":"BL_bdX98YtBywBZjyS","BlockElements":[{"Type":"Question","QuestionID":"QID1"}]},{"Type":"Trash","Description":"Trash \/ Unused Questions","ID":"BL_3mHN0ltHlDOdxBk","BlockElements":[{"Type":"Question","QuestionID":"QID4"},{"Type":"Question","QuestionID":"QID6"},{"Type":"Question","QuestionID":"QID7"},{"Type":"Question","QuestionID":"QID8"},{"Type":"Question","QuestionID":"QID13"},{"Type":"Question","QuestionID":"QID11"},{"Type":"Question","QuestionID":"QID10"},{"Type":"Question","QuestionID":"QID27"},{"Type":"Question","QuestionID":"QID28"},{"Type":"Question","QuestionID":"QID36"},{"Type":"Question","QuestionID":"QID37"},{"Type":"Question","QuestionID":"QID33"},{"Type":"Question","QuestionID":"QID34"},{"Type":"Question","QuestionID":"QID32"}]},{"Type":"Standard","SubType":"","Description":"Blk2","ID":"BL_6s8NahvPARXBbLM","Options":{"BlockLocking":"false","RandomizeQuestions":"false","BlockVisibility":"Expanded"},"BlockElements":[{"Type":"Question","QuestionID":"QID21"},{"Type":"Page Break"},{"Type":"Question","QuestionID":"QID23"}]},{"Type":"Standard","SubType":"","Description":"Blk3","ID":"BL_d3RJ8HIlToUpG6i","BlockElements":[{"Type":"Question","QuestionID":"QID18"},{"Type":"Question","QuestionID":"QID19"},{"Type":"Question","QuestionID":"QID20"}],"Options":{"BlockLocking":"false","RandomizeQuestions":"RandomWithOnlyX","Randomization":{"Advanced":{"TotalRandSubset":"1","QuestionsPerPage":0}}}},{"Type":"Standard","SubType":"","Description":"Blk4","ID":"BL_1CcgBYPVZKF1xcO","BlockElements":[{"Type":"Question","QuestionID":"QID25"}]},{"Type":"Standard","Description":"Blk1.1","ID":"BL_5dokiKSYb4Z0L1s","BlockElements":[{"Type":"Question","QuestionID":"QID29","SkipLogic":[{"SkipLogicID":3,"ChoiceLocator":"q:\/\/QID29\/SelectableChoice\/2","Condition":"Selected","SkipToDestination":"QID30","Locator":"q:\/\/QID29\/SelectableChoice\/2","SkipToDescription":"During year 2020, were you ... <strong>No<\/strong>  <strong>Is Selected<\/strong>","Description":"Condition: <strong title=\"No\">No<\/strong> <strong>Is Selected<\/strong>. Skip To: <strong>If you were not in Philadelphia, PA, ...<\/strong>.","QuestionID":"QID29"},{"SkipLogicID":4,"ChoiceLocator":"q:\/\/QID29\/SelectableChoice\/1","Condition":"Selected","SkipToDestination":"QID31","Locator":"q:\/\/QID29\/SelectableChoice\/1","SkipToDescription":"During year 2020, were you ... <strong>Yes<\/strong>  <strong>Is Selected<\/strong>","Description":"Condition: <strong title=\"Yes\">Yes<\/strong> <strong>Is Selected<\/strong>. Skip To: <strong>Did you get to connect with others fr...<\/strong>.","QuestionID":"QID29"}]},{"Type":"Page Break"},{"Type":"Question","QuestionID":"QID30"},{"Type":"Page Break"},{"Type":"Question","QuestionID":"QID31"},{"Type":"Page Break"},{"Type":"Question","QuestionID":"QID40"}]},{"Type":"Standard","SubType":"","Description":"Blk1.01","ID":"BL_2i3El9FcCG0Ltga","BlockElements":[{"Type":"Question","QuestionID":"QID35"}]},{"Type":"Standard","SubType":"","Description":"Remote","ID":"BL_9pDptwAZtQG45ym","BlockElements":[{"Type":"Question","QuestionID":"QID38"}]},{"Type":"Standard","SubType":"","Description":"In-Person","ID":"BL_0plf20vdCaQUISy","BlockElements":[{"Type":"Question","QuestionID":"QID39"}]}]},{"SurveyID":"SV_0oimWozn2A85SXI","Element":"FL","PrimaryAttribute":"Survey Flow","SecondaryAttribute":null,"TertiaryAttribute":null,"Payload":{"Type":"Root","FlowID":"FL_1","Flow":[{"Type":"Block","ID":"BL_bdX98YtBywBZjyS","FlowID":"FL_2","Autofill":[]},{"Type":"Branch","FlowID":"FL_45","Description":"New Branch","BranchLogic":{"0":{"0":{"LogicType":"Question","QuestionID":"QID1","QuestionIsInLoop":"no","ChoiceLocator":"q:\/\/QID1\/SelectableChoice\/4","Operator":"Selected","QuestionIDFromLocator":"QID1","LeftOperand":"q:\/\/QID1\/SelectableChoice\/4","Type":"Expression","Description":"<span class=\"ConjDesc\">If<\/span> <span class=\"QuestionDesc\">Thank you for taking the time to complete this survey. We want to understand your MBA experience...<\/span> <span class=\"LeftOpDesc\">None of the above<\/span> <span class=\"OpDesc\">Is Selected<\/span> "},"Type":"If"},"Type":"BooleanExpression"},"Flow":[{"Type":"EndSurvey","FlowID":"FL_46","EndingType":"Advanced","Options":{"Advanced":"true","SurveyTermination":"DisplayMessage","EOSMessageLibrary":"UR_5mVJ5R0TCW5bOM6","EOSMessage":"MS_ezzxuigK2Y8BzGm"}}]},{"Type":"Standard","ID":"BL_2i3El9FcCG0Ltga","FlowID":"FL_47","Autofill":[]},{"Type":"Branch","FlowID":"FL_48","Description":"New Branch","BranchLogic":{"0":{"0":{"LogicType":"Question","QuestionID":"QID35","QuestionIsInLoop":"no","ChoiceLocator":"q:\/\/QID35\/SelectableChoice\/3","Operator":"Selected","QuestionIDFromLocator":"QID35","LeftOperand":"q:\/\/QID35\/SelectableChoice\/3","Type":"Expression","Description":"<span class=\"ConjDesc\">If<\/span> <span class=\"QuestionDesc\">Were you academically active and pursuing your MBA during year 2020 (during COVID-19), when MBA c...<\/span> <span class=\"LeftOpDesc\">No<\/span> <span class=\"OpDesc\">Is Selected<\/span> "},"Type":"If"},"Type":"BooleanExpression"},"Flow":[{"Type":"EndSurvey","FlowID":"FL_49","EndingType":"Advanced","Options":{"Advanced":"true","SurveyTermination":"DisplayMessage","EOSMessageLibrary":"UR_5mVJ5R0TCW5bOM6","EOSMessage":"MS_0koFWIgVfRzaIJg"}}]},{"Type":"Standard","ID":"BL_5dokiKSYb4Z0L1s","FlowID":"FL_44","Autofill":[]},{"Type":"Branch","FlowID":"FL_54","Description":"New Branch","BranchLogic":{"0":{"0":{"LogicType":"Question","QuestionID":"QID40","QuestionIsInLoop":"no","ChoiceLocator":"q:\/\/QID40\/SelectableChoice\/2","Operator":"Selected","QuestionIDFromLocator":"QID40","LeftOperand":"q:\/\/QID40\/SelectableChoice\/2","Type":"Expression","Description":"<span class=\"ConjDesc\">If<\/span> <span class=\"QuestionDesc\">How did you connect with others socially for the most part? <\/span> <span class=\"LeftOpDesc\">In-Person<\/span> <span class=\"OpDesc\">Is Selected<\/span> "},"Type":"If"},"Type":"BooleanExpression"},"Flow":[{"Type":"Block","ID":"BL_0plf20vdCaQUISy","FlowID":"FL_55","Autofill":[]}]},{"Type":"Branch","FlowID":"FL_52","Description":"New Branch","BranchLogic":{"0":{"0":{"LogicType":"Question","QuestionID":"QID40","QuestionIsInLoop":"no","ChoiceLocator":"q:\/\/QID40\/SelectableChoice\/1","Operator":"Selected","QuestionIDFromLocator":"QID40","LeftOperand":"q:\/\/QID40\/SelectableChoice\/1","Type":"Expression","Description":"<span class=\"ConjDesc\">If<\/span> <span class=\"QuestionDesc\">How did you connect with others socially for the most part? <\/span> <span class=\"LeftOpDesc\">Remotely<\/span> <span class=\"OpDesc\">Is Selected<\/span> "},"Type":"If"},"Type":"BooleanExpression"},"Flow":[{"Type":"Block","ID":"BL_9pDptwAZtQG45ym","FlowID":"FL_53","Autofill":[]}]},{"Type":"Standard","ID":"BL_d3RJ8HIlToUpG6i","FlowID":"FL_10","Autofill":[]},{"Type":"Standard","ID":"BL_6s8NahvPARXBbLM","FlowID":"FL_9","Autofill":[]},{"Type":"Branch","FlowID":"FL_42","Description":"New Branch","BranchLogic":{"0":{"0":{"LogicType":"Question","QuestionID":"QID23","QuestionIsInLoop":"no","ChoiceLocator":"q:\/\/QID23\/IsPromoter","Operator":"EqualTo","QuestionIDFromLocator":"QID23","LeftOperand":"q:\/\/QID23\/IsPromoter","RightOperand":"1","Type":"Expression","Description":"<span class=\"ConjDesc\">If<\/span> <span class=\"QuestionDesc\">How likely are you to recommend Wharton MBA to a friend who is looking to pursue an MBA (if for e...<\/span> <span class=\"LeftOpDesc\">Is Promoter<\/span> <span class=\"LeftOpDesc\">Is True<\/span> "},"Type":"If"},"Type":"BooleanExpression"},"Flow":[{"Type":"Block","ID":"BL_1CcgBYPVZKF1xcO","FlowID":"FL_43","Autofill":[]},{"Type":"EndSurvey","FlowID":"FL_62"}]}],"Properties":{"Count":62,"RemovedFieldsets":[]}}},{"SurveyID":"SV_0oimWozn2A85SXI","Element":"SO","PrimaryAttribute":"Survey Options","SecondaryAttribute":null,"TertiaryAttribute":null,"Payload":{"BackButton":"false","SaveAndContinue":"true","SurveyProtection":"PublicSurvey","BallotBoxStuffingPrevention":"false","NoIndex":"Yes","SecureResponseFiles":"true","SurveyExpiration":"None","SurveyTermination":"DefaultMessage","Header":"","Footer":"","ProgressBarDisplay":"Text","PartialData":"+1 week","ValidationMessage":null,"PreviousButton":" \u2190 ","NextButton":" \u2192 ","SurveyTitle":"Qualtrics Survey | Qualtrics Experience Management","SkinLibrary":"upenn","SkinType":"templated","Skin":{"brandingId":"*5370366389","templateId":"*base","overrides":{"progressBar":{"position":"bottom"}}},"NewScoring":1,"EOSMessage":"MS_0jIU4arjFoezUUK","ShowExportTags":"false","CollectGeoLocation":"false","SurveyMetaDescription":"Survey Software, Enterprise Survey software for enterprise feedback management and CRM solutions. Enables high-quality data collection, panel management and results analysis. Perfect for market research or CRM solution (Customer Relationship Management) integration. Free trial and consultation.","PasswordProtection":"No","AnonymizeResponse":"No","RefererCheck":"No","RecaptchaV3":"true","ConfirmStart":false,"AutoConfirmStart":false,"RelevantID":"false","RelevantIDLockoutPeriod":"+30 days","UseCustomSurveyLinkCompletedMessage":null,"SurveyLinkCompletedMessage":null,"SurveyLinkCompletedMessageLibrary":null,"ResponseSummary":"No","EOSMessageLibrary":"UR_5mVJ5R0TCW5bOM6","EOSRedirectURL":"http:\/\/","EmailThankYou":"false","ThankYouEmailMessageLibrary":null,"ThankYouEmailMessage":null,"ValidateMessage":"false","ValidationMessageLibrary":null,"InactiveSurvey":null,"PartialDeletion":null,"PartialDataCloseAfter":"LastActivity","InactiveMessageLibrary":null,"InactiveMessage":null,"AvailableLanguages":{"EN":[]},"CustomStyles":[],"SurveyName":"HW2_Trial1","ProtectSelectionIds":true}},{"SurveyID":"SV_0oimWozn2A85SXI","Element":"SCO","PrimaryAttribute":"Scoring","SecondaryAttribute":null,"TertiaryAttribute":null,"Payload":{"ScoringCategories":[],"ScoringCategoryGroups":[],"ScoringSummaryCategory":null,"ScoringSummaryAfterQuestions":0,"ScoringSummaryAfterSurvey":0,"DefaultScoringCategory":null,"AutoScoringCategory":null}},{"SurveyID":"SV_0oimWozn2A85SXI","Element":"PROJ","PrimaryAttribute":"CORE","SecondaryAttribute":null,"TertiaryAttribute":"1.1.0","Payload":{"ProjectCategory":"CORE","SchemaVersion":"1.1.0"}},{"SurveyID":"SV_0oimWozn2A85SXI","Element":"STAT","PrimaryAttribute":"Survey Statistics","SecondaryAttribute":null,"TertiaryAttribute":null,"Payload":{"MobileCompatible":true,"ID":"Survey Statistics"}},{"SurveyID":"SV_0oimWozn2A85SXI","Element":"QC","PrimaryAttribute":"Survey Question Count","SecondaryAttribute":"40","TertiaryAttribute":null,"Payload":null},{"SurveyID":"SV_0oimWozn2A85SXI","Element":"SQ","PrimaryAttribute":"QID10","SecondaryAttribute":"Choose one of the following: Most of your social meet-ups with your MBA classmates during year 2020","TertiaryAttribute":null,"Payload":{"QuestionText":"<div>Choose one of the following: <br><\/div><div>For the most parts, my social meet-ups with my MBA classmates during year 2020 were:<br><\/div>","DefaultChoices":false,"DataExportTag":"Q8","QuestionType":"MC","Selector":"SAVR","SubSelector":"TX","Configuration":{"QuestionDescriptionOption":"SpecifyLabel"},"QuestionDescription":"Choose one of the following: Most of your social meet-ups with your MBA classmates during year 2020","Choices":{"1":{"Display":"In-person (with social distancing)"},"2":{"Display":"Remote\/Virtual"},"3":{"Display":"Not applicable"}},"ChoiceOrder":[1,2,3],"Validation":{"Settings":{"ForceResponse":"ON","ForceResponseType":"ON","Type":"None"}},"GradingData":[],"Language":[],"NextChoiceId":4,"NextAnswerId":1,"QuestionID":"QID10","DataVisibility":{"Private":false,"Hidden":false},"AnalyzeChoices":{"3":"on"},"Randomization":{"Advanced":{"FixedOrder":["{~Randomized~}","{~Randomized~}","3"],"RandomSubSet":[],"RandomizeAll":["1","2"],"ScaleReversal":[],"TotalRandSubset":0,"Undisplayed":[]},"ConsistentScaleReversal":false,"EvenPresentation":false,"TotalRandSubset":"","Type":"Advanced"}}},{"SurveyID":"SV_0oimWozn2A85SXI","Element":"SQ","PrimaryAttribute":"QID32","SecondaryAttribute":"Choose one of the following: Most of your social meet-ups with your MBA classmates during year 2020","TertiaryAttribute":null,"Payload":{"QuestionText":"<div>Choose one of the following: <br><\/div><div>For the most parts, my social meet-ups with my MBA classmates during year 2020 were:<br><\/div>","DefaultChoices":false,"QuestionType":"MC","Selector":"SAVR","SubSelector":"TX","Configuration":{"QuestionDescriptionOption":"SpecifyLabel"},"QuestionDescription":"Choose one of the following: Most of your social meet-ups with your MBA classmates during year 2020","Choices":{"1":{"Display":"In-person (with social distancing)"},"2":{"Display":"Remote\/Virtual"},"3":{"Display":"Not applicable"}},"ChoiceOrder":[1,2,3],"Validation":{"Settings":{"ForceResponse":"ON","ForceResponseType":"ON","Type":"None"}},"GradingData":[],"Language":[],"NextChoiceId":4,"NextAnswerId":1,"DataVisibility":{"Private":false,"Hidden":false},"AnalyzeChoices":{"3":"on"},"Randomization":{"Advanced":{"FixedOrder":["{~Randomized~}","{~Randomized~}","3"],"RandomSubSet":[],"RandomizeAll":["1","2"],"ScaleReversal":[],"TotalRandSubset":0,"Undisplayed":[]},"ConsistentScaleReversal":false,"EvenPresentation":false,"TotalRandSubset":"","Type":"Advanced"},"QuestionText_Unsafe":"<div>Choose one of the following: <br><\/div><div>For the most parts, my social meet-ups with my MBA classmates during year 2020 were:<br><\/div>","DataExportTag":"Q32","QuestionID":"QID32"}},{"SurveyID":"SV_0oimWozn2A85SXI","Element":"SQ","PrimaryAttribute":"QID36","SecondaryAttribute":"Click to write the question text","TertiaryAttribute":null,"Payload":{"QuestionText":"Click to write the question text","DataExportTag":"Q24","QuestionType":"MC","Selector":"SAVR","SubSelector":"TX","Configuration":{"QuestionDescriptionOption":"UseText"},"QuestionDescription":"Click to write the question text","Choices":{"1":{"Display":"Click to write Choice 1"},"2":{"Display":"Click to write Choice 2"},"3":{"Display":"Click to write Choice 3"}},"ChoiceOrder":["1","2","3"],"Validation":{"Settings":{"ForceResponse":"OFF","Type":"None"}},"Language":[],"NextChoiceId":4,"NextAnswerId":1,"QuestionID":"QID36"}},{"SurveyID":"SV_0oimWozn2A85SXI","Element":"RS","PrimaryAttribute":"RS_0TciNGjYcA8RnD0","SecondaryAttribute":"Default Response Set","TertiaryAttribute":null,"Payload":null},{"SurveyID":"SV_0oimWozn2A85SXI","Element":"SQ","PrimaryAttribute":"QID20","SecondaryAttribute":"Did you apply for a summer internship for year 2020?","TertiaryAttribute":null,"Payload":{"QuestionText":"Did you apply for a summer internship for year 2020?","DefaultChoices":false,"DataExportTag":"Q18","QuestionType":"MC","Selector":"SAVR","SubSelector":"TX","Configuration":{"QuestionDescriptionOption":"UseText"},"QuestionDescription":"Did you apply for a summer internship for year 2020?","Choices":{"1":{"Display":"Yes"},"2":{"Display":"No, I was focusing on something other than an internship."}},"ChoiceOrder":[1,2],"Validation":{"Settings":{"ForceResponse":"ON","ForceResponseType":"ON","Type":"None"}},"GradingData":[],"Language":[],"NextChoiceId":3,"NextAnswerId":1,"QuestionID":"QID20","DataVisibility":{"Private":false,"Hidden":false}}},{"SurveyID":"SV_0oimWozn2A85SXI","Element":"SQ","PrimaryAttribute":"QID8","SecondaryAttribute":"Did you connect with others from your MBA class during year 2020 outside of an academic forum? Co...","TertiaryAttribute":null,"Payload":{"QuestionText":"Did you connect with others from your MBA class during year 2020 outside of an academic forum? Connect can mean either in-person (with social distancing) or remotely (virtual meeting, virtual happy hour, virtual group meetings).<br>","DefaultChoices":false,"DataExportTag":"Q6","QuestionType":"MC","Selector":"SAVR","SubSelector":"TX","Configuration":{"QuestionDescriptionOption":"UseText"},"QuestionDescription":"Did you connect with others from your MBA class during year 2020 outside of an academic forum? Co...","Choices":{"1":{"Display":"Yes"},"2":{"Display":"No"}},"ChoiceOrder":[1,2],"Validation":{"Settings":{"ForceResponse":"ON","ForceResponseType":"ON","Type":"None"}},"GradingData":[],"Language":[],"NextChoiceId":3,"NextAnswerId":1,"QuestionID":"QID8","DataVisibility":{"Private":false,"Hidden":false}}},{"SurveyID":"SV_0oimWozn2A85SXI","Element":"SQ","PrimaryAttribute":"QID31","SecondaryAttribute":"Did you connect with others from your MBA class during year 2020 outside of an academic forum? Co...","TertiaryAttribute":null,"Payload":{"QuestionText":"Did you connect with others from your MBA class during year 2020 outside of an academic forum? Connect can mean either in-person (with social distancing) or remotely (virtual meeting, virtual happy hour, virtual group meetings).<br>","DefaultChoices":false,"QuestionType":"MC","Selector":"SAVR","SubSelector":"TX","Configuration":{"QuestionDescriptionOption":"UseText"},"QuestionDescription":"Did you connect with others from your MBA class during year 2020 outside of an academic forum? Co...","Choices":{"1":{"Display":"Yes"},"2":{"Display":"No"}},"ChoiceOrder":[1,2],"Validation":{"Settings":{"ForceResponse":"ON","ForceResponseType":"ON","Type":"None"}},"GradingData":[],"Language":[],"NextChoiceId":3,"NextAnswerId":1,"DataVisibility":{"Private":false,"Hidden":false},"QuestionText_Unsafe":"Did you connect with others from your MBA class during year 2020 outside of an academic forum? Connect can mean either in-person (with social distancing) or remotely (virtual meeting, virtual happy hour, virtual group meetings).<br>","DataExportTag":"Q31","QuestionID":"QID31"}},{"SurveyID":"SV_0oimWozn2A85SXI","Element":"SQ","PrimaryAttribute":"QID6","SecondaryAttribute":"During year 2020, were you for the most part living in Philadelphia, PA? If you were physically s...","TertiaryAttribute":null,"Payload":{"QuestionText":"During year 2020, were you for the most part living in Philadelphia, PA? If you were physically situated in Philadelphia, PA or within a commutable distance (if things were in person) to Huntsman, you should pick \"Yes\". Otherwise, pick \"No\".<br>","DefaultChoices":false,"DataExportTag":"Q4","QuestionType":"MC","Selector":"SAVR","SubSelector":"TX","Configuration":{"QuestionDescriptionOption":"UseText"},"QuestionDescription":"During year 2020, were you for the most part living in Philadelphia, PA? If you were physically s...","Choices":{"1":{"Display":"Yes"},"2":{"Display":"No"}},"ChoiceOrder":[1,2],"Validation":{"Settings":{"ForceResponse":"ON","ForceResponseType":"ON","Type":"None"}},"GradingData":[],"Language":[],"NextChoiceId":3,"NextAnswerId":1,"QuestionID":"QID6","DataVisibility":{"Private":false,"Hidden":false}}},{"SurveyID":"SV_0oimWozn2A85SXI","Element":"SQ","PrimaryAttribute":"QID29","SecondaryAttribute":"During year 2020, were you for the most part living in Philadelphia, PA? If you were physically s...","TertiaryAttribute":null,"Payload":{"QuestionText":"During year 2020, were you for the most part living in Philadelphia, PA? If you were physically situated in Philadelphia, PA or within a commutable distance (if things were in person) to Huntsman, you should pick \"Yes\". Otherwise, pick \"No\".<br>","DefaultChoices":false,"QuestionType":"MC","Selector":"SAVR","SubSelector":"TX","Configuration":{"QuestionDescriptionOption":"UseText"},"QuestionDescription":"During year 2020, were you for the most part living in Philadelphia, PA? If you were physically s...","Choices":{"1":{"Display":"Yes"},"2":{"Display":"No"}},"ChoiceOrder":[1,2],"Validation":{"Settings":{"ForceResponse":"ON","ForceResponseType":"ON","Type":"None"}},"GradingData":[],"Language":[],"NextChoiceId":3,"NextAnswerId":1,"DataVisibility":{"Private":false,"Hidden":false},"QuestionText_Unsafe":"During year 2020, were you for the most part living in Philadelphia, PA? If you were physically situated in Philadelphia, PA or within a commutable distance (if things were in person) to Huntsman, you should pick \"Yes\". Otherwise, pick \"No\".<br>","DataExportTag":"Q29","QuestionID":"QID29"}},{"SurveyID":"SV_0oimWozn2A85SXI","Element":"SQ","PrimaryAttribute":"QID18","SecondaryAttribute":"For your classes, did you have your video on for the most part during remote, live sessions?","TertiaryAttribute":null,"Payload":{"QuestionText":"For your classes, did you have your video on for the most part during remote, live sessions?","DefaultChoices":false,"DataExportTag":"Q16","QuestionType":"MC","Selector":"SAVR","SubSelector":"TX","Configuration":{"QuestionDescriptionOption":"UseText"},"QuestionDescription":"For your classes, did you have your video on for the most part during remote, live sessions?","Choices":{"1":{"Display":"Yes- more than 50% of the time, my video was on."},"2":{"Display":"No- more than 50% of the time, my video was off."},"3":{"Display":"I don't really remember."},"4":{"Display":"Yes- all the time!"},"5":{"Display":"No- never turned on my video!"}},"ChoiceOrder":[1,2,3,4,5],"Validation":{"Settings":{"ForceResponse":"ON","ForceResponseType":"ON","Type":"None"}},"GradingData":[],"Language":[],"NextChoiceId":6,"NextAnswerId":1,"QuestionID":"QID18","DataVisibility":{"Private":false,"Hidden":false},"Randomization":{"Type":"Advanced","Advanced":{"FixedOrder":["{~Randomized~}","{~Randomized~}","3","{~Randomized~}","{~Randomized~}"],"RandomizeAll":["1","2","4","5"],"RandomSubSet":[],"ScaleReversal":[],"Undisplayed":[],"TotalRandSubset":null},"ConsistentScaleReversal":false,"EvenPresentation":false,"TotalRandSubset":""}}},{"SurveyID":"SV_0oimWozn2A85SXI","Element":"SQ","PrimaryAttribute":"QID40","SecondaryAttribute":"How did you connect with others socially for the most part? ","TertiaryAttribute":null,"Payload":{"QuestionText":"How did you connect with others socially for the most part?&nbsp;","DefaultChoices":false,"DataExportTag":"Q28","QuestionType":"MC","Selector":"SAVR","SubSelector":"TX","Configuration":{"QuestionDescriptionOption":"UseText"},"QuestionDescription":"How did you connect with others socially for the most part? ","Choices":{"1":{"Display":"Remotely"},"2":{"Display":"In-Person"},"4":{"Display":"Not applicable"}},"ChoiceOrder":["1","2","4"],"Validation":{"Settings":{"ForceResponse":"ON","ForceResponseType":"ON","Type":"None"}},"GradingData":[],"Language":[],"NextChoiceId":5,"NextAnswerId":1,"QuestionID":"QID40","DataVisibility":{"Private":false,"Hidden":false},"AnalyzeChoices":{"4":"on"}}},{"SurveyID":"SV_0oimWozn2A85SXI","Element":"SQ","PrimaryAttribute":"QID23","SecondaryAttribute":"How likely are you to recommend Wharton MBA to a friend who is looking to pursue an MBA (if for e...","TertiaryAttribute":null,"Payload":{"QuestionText":"How likely are you to recommend Wharton MBA to a friend who is looking to pursue an MBA (if for example, things become similar to year 2020)? 0 being least likely, 10 being most likely.<br>","DefaultChoices":false,"DataExportTag":"Q14","QuestionType":"MC","Selector":"NPS","Configuration":{"QuestionDescriptionOption":"UseText"},"QuestionDescription":"How likely are you to recommend Wharton MBA to a friend who is looking to pursue an MBA (if for e...","Choices":[{"Display":"0"},{"Display":"1"},{"Display":"2"},{"Display":"3"},{"Display":"4"},{"Display":"5"},{"Display":"6"},{"Display":"7"},{"Display":"8"},{"Display":"9"},{"Display":"10"}],"ChoiceOrder":["0","1","2","3","4","5","6","7","8","9","10"],"Validation":{"Settings":{"ForceResponse":"ON","ForceResponseType":"ON","Type":"None"}},"GradingData":[],"Language":[],"NextChoiceId":11,"NextAnswerId":1,"ColumnLabels":[{"Display":"Not at all likely","IsLabelDefault":true},{"Display":"Extremely likely","IsLabelDefault":true}],"QuestionID":"QID23"}},{"SurveyID":"SV_0oimWozn2A85SXI","Element":"SQ","PrimaryAttribute":"QID7","SecondaryAttribute":"If you were not in Philadelphia, PA, where were you physically located for the most part in year...","TertiaryAttribute":null,"Payload":{"QuestionText":"If you were not in Philadelphia, PA, where were you physically located for the most part in year 2020? Format your answer as follows: City, State, Country.<br>","DefaultChoices":false,"DataExportTag":"Q5","QuestionType":"TE","Selector":"SL","Configuration":{"QuestionDescriptionOption":"UseText"},"QuestionDescription":"If you were not in Philadelphia, PA, where were you physically located for the most part in year...","Validation":{"Settings":{"ForceResponse":"ON","ForceResponseType":"ON","Type":"MinChar","MinChars":"1"}},"GradingData":[],"Language":[],"NextChoiceId":4,"NextAnswerId":1,"SearchSource":{"AllowFreeResponse":"false"},"QuestionID":"QID7"}},{"SurveyID":"SV_0oimWozn2A85SXI","Element":"SQ","PrimaryAttribute":"QID30","SecondaryAttribute":"If you were not in Philadelphia, PA, where were you physically located for the most part in year...","TertiaryAttribute":null,"Payload":{"QuestionText":"If you were not in Philadelphia, PA, where were you physically located for the most part in year 2020? Format your answer as follows: City, State, Country.<br>","DefaultChoices":false,"QuestionType":"TE","Selector":"SL","Configuration":{"QuestionDescriptionOption":"UseText"},"QuestionDescription":"If you were not in Philadelphia, PA, where were you physically located for the most part in year...","Validation":{"Settings":{"ForceResponse":"ON","ForceResponseType":"ON","Type":"MinChar","MinChars":"1"}},"GradingData":[],"Language":[],"NextChoiceId":4,"NextAnswerId":1,"SearchSource":{"AllowFreeResponse":"false"},"QuestionText_Unsafe":"If you were not in Philadelphia, PA, where were you physically located for the most part in year 2020? Format your answer as follows: City, State, Country.<br>","DataExportTag":"Q30","QuestionID":"QID30"}},{"SurveyID":"SV_0oimWozn2A85SXI","Element":"SQ","PrimaryAttribute":"QID21","SecondaryAttribute":"On average, how many hours a day (for days when you had classes), did you spend on the following...","TertiaryAttribute":null,"Payload":{"QuestionText":"On average, how many hours a day (for days when you had classes), did you spend on the following activities? We are assuming 12 hours per day, so your total must equal 12 hours.<br>","DefaultChoices":false,"DataExportTag":"Q19","QuestionType":"CS","Selector":"VRTL","Configuration":{"QuestionDescriptionOption":"UseText","CSSliderMin":0,"CSSliderMax":100,"GridLines":10,"NumDecimals":"0"},"QuestionDescription":"On average, how many hours a day (for days when you had classes), did you spend on the following...","Choices":{"1":{"Display":"Classes (live lectures, remote lectures)"},"2":{"Display":"Homework, Assignments, Class-Related Work"},"3":{"Display":"Social Gatherings (non-academic)"}},"ChoiceOrder":["1","2","3"],"Validation":{"Settings":{"EnforceRange":"OFF","Type":"ChoicesTotal","ChoiceTotal":"12"}},"GradingData":[],"Language":[],"NextChoiceId":6,"NextAnswerId":1,"Labels":[],"ClarifyingSymbolType":"None","QuestionID":"QID21","SubSelector":"TX"}},{"SurveyID":"SV_0oimWozn2A85SXI","Element":"SQ","PrimaryAttribute":"QID11","SecondaryAttribute":"Reflecting on your social experience during year 2020, you said you met for the most part with yo...","TertiaryAttribute":null,"Payload":{"QuestionText":"<div>Reflecting on your social experience during year 2020, you said you met for the most part with your classmates in the following fashion: ${q:\/\/QID10\/ChoiceDescription\/2}. <br><\/div><div><br><\/div><div>How satisfied were you with your social experience?<br><\/div>","DefaultChoices":false,"DataExportTag":"Q9","QuestionID":"QID11","QuestionType":"Matrix","Selector":"Likert","SubSelector":"SingleAnswer","Configuration":{"QuestionDescriptionOption":"UseText","TextPosition":"inline","ChoiceColumnWidth":25,"RepeatHeaders":"none","WhiteSpace":"OFF","MobileFirst":true},"QuestionDescription":"Reflecting on your social experience during year 2020, you said you met for the most part with yo...","Choices":{"1":{"Display":"I had an easy time meeting others from my MBA class"},"2":{"Display":"I made life-long friendships with some people that I connected with"},"3":{"Display":"I was able to connect with more than 20 people in this manner"},"4":{"Display":"I would have preferred meeting others in-person rather than virtually"}},"ChoiceOrder":[1,2,3,4],"Validation":{"Settings":{"ForceResponse":"ON","ForceResponseType":"ON","Type":"None"}},"GradingData":[],"Language":[],"NextChoiceId":5,"NextAnswerId":6,"Answers":{"1":{"Display":"Strongly agree"},"2":{"Display":"Somewhat agree"},"3":{"Display":"Neither agree nor disagree"},"4":{"Display":"Somewhat disagree"},"5":{"Display":"Strongly disagree"}},"AnswerOrder":["1","2","3","4","5"],"ChoiceDataExportTags":false,"DataVisibility":{"Private":false,"Hidden":false}}},{"SurveyID":"SV_0oimWozn2A85SXI","Element":"SQ","PrimaryAttribute":"QID13","SecondaryAttribute":"Reflecting on your social experience during year 2020, you said you met for the most part with yo...","TertiaryAttribute":null,"Payload":{"QuestionText":"<div>Reflecting on your social experience during year 2020, you said you met for the most part with your classmates in the following fashion: ${q:\/\/QID10\/ChoiceDescription\/1}. <br><\/div><div><br><\/div><div>How satisfied were you with your social experience?<br><\/div>","DefaultChoices":false,"DataExportTag":"Q11","QuestionType":"Matrix","Selector":"Likert","SubSelector":"SingleAnswer","DataVisibility":{"Private":false,"Hidden":false},"Configuration":{"QuestionDescriptionOption":"UseText","TextPosition":"inline","ChoiceColumnWidth":25,"RepeatHeaders":"none","WhiteSpace":"OFF","MobileFirst":true},"QuestionDescription":"Reflecting on your social experience during year 2020, you said you met for the most part with yo...","Choices":{"1":{"Display":"I had an easy time meeting others from my MBA class"},"2":{"Display":"I made life-long friendships with some people that I connected with"},"3":{"Display":"I was able to connect with more than 20 people in this manner"},"4":{"Display":"I would have preferred meeting others virtually rather than in-person"}},"ChoiceOrder":[1,2,3,4],"Validation":{"Settings":{"ForceResponse":"ON","ForceResponseType":"ON","Type":"None"}},"GradingData":[],"Language":[],"NextChoiceId":5,"NextAnswerId":6,"Answers":{"1":{"Display":"Strongly agree"},"2":{"Display":"Somewhat agree"},"3":{"Display":"Neither agree nor disagree"},"4":{"Display":"Somewhat disagree"},"5":{"Display":"Strongly disagree"}},"AnswerOrder":["1","2","3","4","5"],"ChoiceDataExportTags":false,"QuestionID":"QID13"}},{"SurveyID":"SV_0oimWozn2A85SXI","Element":"SQ","PrimaryAttribute":"QID33","SecondaryAttribute":"Reflecting on your social experience during year 2020, you said you met for the most part with yo...","TertiaryAttribute":null,"Payload":{"QuestionText":"<div>Reflecting on your social experience during year 2020, you said you met for the most part with your classmates in the following fashion: ${q:\/\/QID32\/ChoiceDescription\/2}. <br><\/div><div><br><\/div><div>How satisfied were you with your social experience?<br><\/div>","DefaultChoices":false,"QuestionType":"Matrix","Selector":"Likert","SubSelector":"SingleAnswer","Configuration":{"QuestionDescriptionOption":"UseText","TextPosition":"inline","ChoiceColumnWidth":25,"RepeatHeaders":"none","WhiteSpace":"OFF","MobileFirst":true},"QuestionDescription":"Reflecting on your social experience during year 2020, you said you met for the most part with yo...","Choices":{"1":{"Display":"I had an easy time meeting others from my MBA class"},"2":{"Display":"I made life-long friendships with some people that I connected with"},"3":{"Display":"I was able to connect with more than 20 people in this manner"},"4":{"Display":"I would have preferred meeting others in-person rather than virtually"}},"ChoiceOrder":[1,2,3,4],"Validation":{"Settings":{"ForceResponse":"ON","ForceResponseType":"ON","Type":"None"}},"GradingData":[],"Language":[],"NextChoiceId":5,"NextAnswerId":6,"Answers":{"1":{"Display":"Strongly agree"},"2":{"Display":"Somewhat agree"},"3":{"Display":"Neither agree nor disagree"},"4":{"Display":"Somewhat disagree"},"5":{"Display":"Strongly disagree"}},"AnswerOrder":["1","2","3","4","5"],"ChoiceDataExportTags":false,"DataVisibility":{"Private":false,"Hidden":false},"QuestionText_Unsafe":"<div>Reflecting on your social experience during year 2020, you said you met for the most part with your classmates in the following fashion: ${q:\/\/QID32\/ChoiceDescription\/2}. <br><\/div><div><br><\/div><div>How satisfied were you with your social experience?<br><\/div>","DataExportTag":"Q33","QuestionID":"QID33"}},{"SurveyID":"SV_0oimWozn2A85SXI","Element":"SQ","PrimaryAttribute":"QID34","SecondaryAttribute":"Reflecting on your social experience during year 2020, you said you met for the most part with yo...","TertiaryAttribute":null,"Payload":{"QuestionText":"<div>Reflecting on your social experience during year 2020, you said you met for the most part with your classmates in the following fashion: ${q:\/\/QID32\/ChoiceDescription\/1}. <br><\/div><div><br><\/div><div>How satisfied were you with your social experience?<br><\/div>","DefaultChoices":false,"QuestionType":"Matrix","Selector":"Likert","SubSelector":"SingleAnswer","DataVisibility":{"Private":false,"Hidden":false},"Configuration":{"QuestionDescriptionOption":"UseText","TextPosition":"inline","ChoiceColumnWidth":25,"RepeatHeaders":"none","WhiteSpace":"OFF","MobileFirst":true},"QuestionDescription":"Reflecting on your social experience during year 2020, you said you met for the most part with yo...","Choices":{"1":{"Display":"I had an easy time meeting others from my MBA class"},"2":{"Display":"I made life-long friendships with some people that I connected with"},"3":{"Display":"I was able to connect with more than 20 people in this manner"},"4":{"Display":"I would have preferred meeting others virtually rather than in-person"}},"ChoiceOrder":[1,2,3,4],"Validation":{"Settings":{"ForceResponse":"ON","ForceResponseType":"ON","Type":"None"}},"GradingData":[],"Language":[],"NextChoiceId":5,"NextAnswerId":6,"Answers":{"1":{"Display":"Strongly agree"},"2":{"Display":"Somewhat agree"},"3":{"Display":"Neither agree nor disagree"},"4":{"Display":"Somewhat disagree"},"5":{"Display":"Strongly disagree"}},"AnswerOrder":["1","2","3","4","5"],"ChoiceDataExportTags":false,"QuestionText_Unsafe":"<div>Reflecting on your social experience during year 2020, you said you met for the most part with your classmates in the following fashion: ${q:\/\/QID32\/ChoiceDescription\/1}. <br><\/div><div><br><\/div><div>How satisfied were you with your social experience?<br><\/div>","DataExportTag":"Q34","QuestionID":"QID34"}},{"SurveyID":"SV_0oimWozn2A85SXI","Element":"SQ","PrimaryAttribute":"QID37","SecondaryAttribute":"Reflecting on your social experience during year 2020, you said you met for the most part with yo...","TertiaryAttribute":null,"Payload":{"QuestionText":"<div>Reflecting on your social experience during year 2020, you said you met for the most part with your classmates in the following fashion: ${q:\/\/QID32\/ChoiceDescription\/2}. <br><\/div><div><br><\/div><div>How satisfied were you with your social experience?<br><\/div>","DefaultChoices":false,"DataExportTag":"Q25","QuestionType":"Matrix","Selector":"Likert","SubSelector":"SingleAnswer","DataVisibility":{"Private":false,"Hidden":false},"Configuration":{"QuestionDescriptionOption":"UseText","TextPosition":"inline","ChoiceColumnWidth":25,"RepeatHeaders":"none","WhiteSpace":"OFF","MobileFirst":true},"QuestionDescription":"Reflecting on your social experience during year 2020, you said you met for the most part with yo...","Choices":{"1":{"Display":"I had an easy time meeting others from my MBA class"},"2":{"Display":"I made life-long friendships with some people that I connected with"},"3":{"Display":"I was able to connect with more than 20 people in this manner"},"4":{"Display":"I would have preferred meeting others in-person rather than virtually"}},"ChoiceOrder":[1,2,3,4],"Validation":{"Settings":{"ForceResponse":"ON","ForceResponseType":"ON","Type":"None"}},"GradingData":[],"Language":[],"NextChoiceId":5,"NextAnswerId":6,"Answers":{"1":{"Display":"Strongly agree"},"2":{"Display":"Somewhat agree"},"3":{"Display":"Neither agree nor disagree"},"4":{"Display":"Somewhat disagree"},"5":{"Display":"Strongly disagree"}},"AnswerOrder":["1","2","3","4","5"],"ChoiceDataExportTags":false,"QuestionID":"QID37"}},{"SurveyID":"SV_0oimWozn2A85SXI","Element":"SQ","PrimaryAttribute":"QID38","SecondaryAttribute":"Reflecting on your social experience during year 2020, you said you met for the most part with yo...","TertiaryAttribute":null,"Payload":{"QuestionText":"Reflecting on your social experience during year 2020, you said you met for the most part with your classmates in the following fashion:&nbsp;${q:\/\/QID40\/ChoiceDescription\/1} .\n\nHow satisfied were you with your social experience?","DefaultChoices":false,"DataExportTag":"Q26","QuestionType":"Matrix","Selector":"Likert","SubSelector":"SingleAnswer","Configuration":{"QuestionDescriptionOption":"UseText","TextPosition":"inline","ChoiceColumnWidth":25,"RepeatHeaders":"none","WhiteSpace":"OFF","MobileFirst":true},"QuestionDescription":"Reflecting on your social experience during year 2020, you said you met for the most part with yo...","Choices":{"1":{"Display":"I had an easy time meeting others"},"2":{"Display":"I made life-long relationships"},"3":{"Display":"I prefer remote over in-person"}},"ChoiceOrder":["1","2","3"],"Validation":{"Settings":{"ForceResponse":"ON","ForceResponseType":"ON","Type":"None"}},"GradingData":[],"Language":[],"NextChoiceId":6,"NextAnswerId":6,"Answers":{"1":{"Display":"Strongly Agree"},"2":{"Display":"Agree"},"3":{"Display":"Neither Agree or Disagree"},"4":{"Display":"Disagree"},"5":{"Display":"Strongly Disagree"}},"AnswerOrder":["1","2","3","4","5"],"ChoiceDataExportTags":false,"QuestionID":"QID38","DataVisibility":{"Private":false,"Hidden":false}}},{"SurveyID":"SV_0oimWozn2A85SXI","Element":"SQ","PrimaryAttribute":"QID39","SecondaryAttribute":"Reflecting on your social experience during year 2020, you said you met for the most part with yo...","TertiaryAttribute":null,"Payload":{"QuestionText":"Reflecting on your social experience during year 2020, you said you met for the most part with your classmates in the following fashion:&nbsp;${q:\/\/QID40\/ChoiceDescription\/2} . How satisfied were you with your social experience?","DefaultChoices":false,"DataExportTag":"Q27","QuestionType":"Matrix","Selector":"Likert","SubSelector":"SingleAnswer","Configuration":{"QuestionDescriptionOption":"UseText","TextPosition":"inline","ChoiceColumnWidth":25,"RepeatHeaders":"none","WhiteSpace":"OFF","MobileFirst":true},"QuestionDescription":"Reflecting on your social experience during year 2020, you said you met for the most part with yo...","Choices":{"1":{"Display":"I had an easy time meeting others"},"2":{"Display":"I made life-long relationships"},"3":{"Display":"I prefere in-person over remote"}},"ChoiceOrder":["1","2","3"],"Validation":{"Settings":{"ForceResponse":"ON","ForceResponseType":"ON","Type":"None"}},"GradingData":[],"Language":[],"NextChoiceId":4,"NextAnswerId":6,"Answers":{"1":{"Display":"Strongly Agree"},"2":{"Display":"Agree"},"3":{"Display":"Neither Agree or Disagree"},"4":{"Display":"Disagree"},"5":{"Display":"Strongly Disagree"}},"AnswerOrder":["1","2","3","4","5"],"ChoiceDataExportTags":false,"QuestionID":"QID39","DataVisibility":{"Private":false,"Hidden":false}}},{"SurveyID":"SV_0oimWozn2A85SXI","Element":"SQ","PrimaryAttribute":"QID1","SecondaryAttribute":"Thank you for taking the time to complete this survey. We want to understand your MBA experience...","TertiaryAttribute":null,"Payload":{"QuestionText":"<div>Thank you for taking the time to complete this survey. We want to understand your MBA experience at The Wharton School, University of Pennsylvania during year 2020.<\/div><div><br><\/div><div>Which MBA class do you belong to?<br><\/div>","DataExportTag":"Q1","QuestionType":"MC","Selector":"SAVR","SubSelector":"TX","Configuration":{"QuestionDescriptionOption":"UseText"},"QuestionDescription":"Thank you for taking the time to complete this survey. We want to understand your MBA experience...","Choices":{"1":{"Display":"MBA Class 2021"},"2":{"Display":"MBA Class 2022"},"3":{"Display":"MBA Class 2023"},"4":{"Display":"None of the above"}},"ChoiceOrder":[1,2,3,4],"Validation":{"Settings":{"ForceResponse":"ON","ForceResponseType":"ON","Type":"None"}},"Language":[],"NextChoiceId":5,"NextAnswerId":1,"QuestionID":"QID1","AnalyzeChoices":{"4":"on"},"DataVisibility":{"Private":false,"Hidden":false}}},{"SurveyID":"SV_0oimWozn2A85SXI","Element":"SQ","PrimaryAttribute":"QID27","SecondaryAttribute":"Thank you for taking the time to complete this survey. We want to understand your MBA experience...","TertiaryAttribute":null,"Payload":{"QuestionText":"<div>Thank you for taking the time to complete this survey. We want to understand your MBA experience at The Wharton School, University of Pennsylvania during year 2020.<\/div><div><br><\/div><div>Which MBA class do you belong to?<br><\/div>","QuestionType":"MC","Selector":"SAVR","SubSelector":"TX","Configuration":{"QuestionDescriptionOption":"UseText"},"QuestionDescription":"Thank you for taking the time to complete this survey. We want to understand your MBA experience...","Choices":{"1":{"Display":"MBA Class 2021"},"2":{"Display":"MBA Class 2022"},"3":{"Display":"MBA Class 2023"},"4":{"Display":"None of the above"}},"ChoiceOrder":[1,2,3,4],"Validation":{"Settings":{"ForceResponse":"ON","ForceResponseType":"ON","Type":"None"}},"Language":[],"NextChoiceId":5,"NextAnswerId":1,"AnalyzeChoices":{"4":"on"},"DataVisibility":{"Private":false,"Hidden":false},"QuestionText_Unsafe":"<div>Thank you for taking the time to complete this survey. We want to understand your MBA experience at The Wharton School, University of Pennsylvania during year 2020.<\/div><div><br><\/div><div>Which MBA class do you belong to?<br><\/div>","DataExportTag":"Q27","QuestionID":"QID27"}},{"SurveyID":"SV_0oimWozn2A85SXI","Element":"SQ","PrimaryAttribute":"QID19","SecondaryAttribute":"Were you able to connect with employers during the recruiting season? For example, did you attend...","TertiaryAttribute":null,"Payload":{"QuestionText":"Were you able to connect with employers during the recruiting season? For example, did you attend any employer sessions, coffee-chats, interviews, and anything recruiting related.","DefaultChoices":false,"DataExportTag":"Q17","QuestionType":"MC","Selector":"SAVR","SubSelector":"TX","Configuration":{"QuestionDescriptionOption":"UseText"},"QuestionDescription":"Were you able to connect with employers during the recruiting season? For example, did you attend...","Choices":{"1":{"Display":"Yes"},"2":{"Display":"No"}},"ChoiceOrder":[1,2],"Validation":{"Settings":{"ForceResponse":"ON","ForceResponseType":"ON","Type":"None"}},"GradingData":[],"Language":[],"NextChoiceId":3,"NextAnswerId":1,"QuestionID":"QID19","DataVisibility":{"Private":false,"Hidden":false}}},{"SurveyID":"SV_0oimWozn2A85SXI","Element":"SQ","PrimaryAttribute":"QID35","SecondaryAttribute":"Were you academically active and pursuing your MBA during year 2020 (during COVID-19), when MBA c...","TertiaryAttribute":null,"Payload":{"QuestionText":"Were you academically active and pursuing your MBA during year 2020 (during COVID-19), when MBA classes were fully remote?","DefaultChoices":false,"DataExportTag":"Q23","QuestionType":"MC","Selector":"SAVR","SubSelector":"TX","Configuration":{"QuestionDescriptionOption":"UseText"},"QuestionDescription":"Were you academically active and pursuing your MBA during year 2020 (during COVID-19), when MBA c...","Choices":{"2":{"Display":"Yes"},"3":{"Display":"No"}},"ChoiceOrder":["2","3"],"Validation":{"Settings":{"ForceResponse":"ON","ForceResponseType":"ON","Type":"None"}},"GradingData":[],"Language":[],"NextChoiceId":4,"NextAnswerId":1,"QuestionID":"QID35","DataVisibility":{"Private":false,"Hidden":false}}},{"SurveyID":"SV_0oimWozn2A85SXI","Element":"SQ","PrimaryAttribute":"QID4","SecondaryAttribute":"Were you academically active during year 2020 (during COVID-19), when MBA classes was fully remote?","TertiaryAttribute":null,"Payload":{"QuestionText":"Were you academically active during year 2020 (during COVID-19), when MBA classes was fully remote?<br>","DefaultChoices":false,"DataExportTag":"Q2","QuestionType":"MC","Selector":"SAVR","SubSelector":"TX","Configuration":{"QuestionDescriptionOption":"UseText"},"QuestionDescription":"Were you academically active during year 2020 (during COVID-19), when MBA classes was fully remote?","Choices":{"1":{"Display":"Yes"},"2":{"Display":"No"}},"ChoiceOrder":[1,2],"Validation":{"Settings":{"ForceResponse":"ON","ForceResponseType":"ON","Type":"None"}},"GradingData":[],"Language":[],"NextChoiceId":3,"NextAnswerId":1,"QuestionID":"QID4","DataVisibility":{"Private":false,"Hidden":false}}},{"SurveyID":"SV_0oimWozn2A85SXI","Element":"SQ","PrimaryAttribute":"QID28","SecondaryAttribute":"Were you academically active during year 2020 (during COVID-19), when MBA classes was fully remote?","TertiaryAttribute":null,"Payload":{"QuestionText":"Were you academically active during year 2020 (during COVID-19), when MBA classes was fully remote?<br>","DefaultChoices":false,"QuestionType":"MC","Selector":"SAVR","SubSelector":"TX","Configuration":{"QuestionDescriptionOption":"UseText"},"QuestionDescription":"Were you academically active during year 2020 (during COVID-19), when MBA classes was fully remote?","Choices":{"1":{"Display":"Yes"},"2":{"Display":"No"}},"ChoiceOrder":[1,2],"Validation":{"Settings":{"ForceResponse":"ON","ForceResponseType":"ON","Type":"None"}},"GradingData":[],"Language":[],"NextChoiceId":3,"NextAnswerId":1,"DataVisibility":{"Private":false,"Hidden":false},"QuestionText_Unsafe":"Were you academically active during year 2020 (during COVID-19), when MBA classes was fully remote?<br>","DataExportTag":"Q28","QuestionID":"QID28"}},{"SurveyID":"SV_0oimWozn2A85SXI","Element":"SQ","PrimaryAttribute":"QID25","SecondaryAttribute":"What is one topic that you would talk about with your friend when you recommend them Wharton's MBA?","TertiaryAttribute":null,"Payload":{"QuestionText":"What is one topic that you would talk about with your friend when you recommend them Wharton's MBA?<br>","DefaultChoices":false,"DataExportTag":"Q16","QuestionType":"TE","Selector":"SL","Configuration":{"QuestionDescriptionOption":"UseText"},"QuestionDescription":"What is one topic that you would talk about with your friend when you recommend them Wharton's MBA?","Validation":{"Settings":{"ForceResponse":"ON","ForceResponseType":"ON","Type":"None"}},"GradingData":[],"Language":[],"NextChoiceId":4,"NextAnswerId":1,"SearchSource":{"AllowFreeResponse":"false"},"QuestionID":"QID25"}}]}